
Microsoft Visual Studio Solution File, Format Version 12.00
# Visual Studio Version 17
VisualStudioVersion = 17.10.35122.118
MinimumVisualStudioVersion = 10.0.40219.1
Project("{FAE04EC0-301F-11D3-BF4B-00C04F79EFBC}") = "EmpWebApp", "EmpWebApp\EmpWebApp.csproj", "{391B8144-A77C-46A4-8D3C-E0304BC86312}"
EndProject
Global
	GlobalSection(SolutionConfigurationPlatforms) = preSolution
		Debug|Any CPU = Debug|Any CPU
		Release|Any CPU = Release|Any CPU
	EndGlobalSection
	GlobalSection(ProjectConfigurationPlatforms) = postSolution
		{391B8144-A77C-46A4-8D3C-E0304BC86312}.Debug|Any CPU.ActiveCfg = Debug|Any CPU
		{391B8144-A77C-46A4-8D3C-E0304BC86312}.Debug|Any CPU.Build.0 = Debug|Any CPU
		{391B8144-A77C-46A4-8D3C-E0304BC86312}.Release|Any CPU.ActiveCfg = Release|Any CPU
		{391B8144-A77C-46A4-8D3C-E0304BC86312}.Release|Any CPU.Build.0 = Release|Any CPU
	EndGlobalSection
	GlobalSection(SolutionProperties) = preSolution
		HideSolutionNode = FALSE
	EndGlobalSection
	GlobalSection(ExtensibilityGlobals) = postSolution
		SolutionGuid = {CB589C8B-5BB0-4A3F-BE35-D764F32517D6}
	EndGlobalSection
EndGlobal
